// !$*UTF8*$!
{
	archiveVersion = 1;
	classes = {
	};
	objectVersion = 77;
	objects = {

/* Begin PBXBuildFile section */
		020BC41DB6212E492DB28B0C /* bakeoff-reference.txt in Resources */ = {isa = PBXBuildFile; fileRef = 62811A7E85B37A1A75B7AA6F /* bakeoff-reference.txt */; };
		20195D84C77681B83F3CD2CB /* MultiModalKitTesting in Frameworks */ = {isa = PBXBuildFile; productRef = 0A2CF38D0EAC11F37DB3D116 /* MultiModalKitTesting */; };
		2C4BDC794DC39DAD662681F3 /* MultiModalKit in Frameworks */ = {isa = PBXBuildFile; productRef = AC3E96CBCF532F30A024E805 /* MultiModalKit */; };
		310C0A66C7D5AE9E8949A90E /* MultiModalKitWhisper in Frameworks */ = {isa = PBXBuildFile; productRef = 91D46599C4B27B19A9112CC8 /* MultiModalKitWhisper */; };
		423F679D2CB7551AB7C0EC22 /* ContentView.swift in Sources */ = {isa = PBXBuildFile; fileRef = F55B6AEB6559E79DEDA042A8 /* ContentView.swift */; };
		63EFEEC2E74AC7A3F270E5F8 /* ryad-en.wav in Resources */ = {isa = PBXBuildFile; fileRef = 40D158610A62F1FCD2DBDE41 /* ryad-en.wav */; };
		6DF111453C38F4F9FC98DA75 /* MultiModalKitTTS in Frameworks */ = {isa = PBXBuildFile; productRef = B1C9D83CF52F623CBEC145B8 /* MultiModalKitTTS */; };
		91D87217FBAB26491A4C6EAF /* TranscribeModel.swift in Sources */ = {isa = PBXBuildFile; fileRef = F40055F8D39F68DAC340E1E1 /* TranscribeModel.swift */; };
		DFBA24BA87E376099A8AD354 /* TranscribeDemoApp.swift in Sources */ = {isa = PBXBuildFile; fileRef = 06FC5B573FF7D06A08D76106 /* TranscribeDemoApp.swift */; };
		FEE72793A1C59D5217C79633 /* PhoneSession.swift in Sources */ = {isa = PBXBuildFile; fileRef = 28BDC7531D2E15DC9EF02ABF /* PhoneSession.swift */; };
/* End PBXBuildFile section */

/* Begin PBXFileReference section */
		06FC5B573FF7D06A08D76106 /* TranscribeDemoApp.swift */ = {isa = PBXFileReference; lastKnownFileType = sourcecode.swift; path = TranscribeDemoApp.swift; sourceTree = "<group>"; };
		085B44330D3DEB5202BAE9D7 /* TranscribeDemo.app */ = {isa = PBXFileReference; explicitFileType = wrapper.application; includeInIndex = 0; path = TranscribeDemo.app; sourceTree = BUILT_PRODUCTS_DIR; };
		28BDC7531D2E15DC9EF02ABF /* PhoneSession.swift */ = {isa = PBXFileReference; lastKnownFileType = sourcecode.swift; path = PhoneSession.swift; sourceTree = "<group>"; };
		40D158610A62F1FCD2DBDE41 /* ryad-en.wav */ = {isa = PBXFileReference; lastKnownFileType = audio.wav; path = "ryad-en.wav"; sourceTree = "<group>"; };
		62811A7E85B37A1A75B7AA6F /* bakeoff-reference.txt */ = {isa = PBXFileReference; lastKnownFileType = text; path = "bakeoff-reference.txt"; sourceTree = "<group>"; };
		E9370469C1D7537FC640A814 /* multimodal-coordinator */ = {isa = PBXFileReference; lastKnownFileType = folder; name = "multimodal-coordinator"; path = ../..; sourceTree = SOURCE_ROOT; };
		F40055F8D39F68DAC340E1E1 /* TranscribeModel.swift */ = {isa = PBXFileReference; lastKnownFileType = sourcecode.swift; path = TranscribeModel.swift; sourceTree = "<group>"; };
		F55B6AEB6559E79DEDA042A8 /* ContentView.swift */ = {isa = PBXFileReference; lastKnownFileType = sourcecode.swift; path = ContentView.swift; sourceTree = "<group>"; };
/* End PBXFileReference section */

/* Begin PBXFrameworksBuildPhase section */
		64DCFEB2EA1B0FBC80FF16D9 /* Frameworks */ = {
			isa = PBXFrameworksBuildPhase;
			buildActionMask = 2147483647;
			files = (
				2C4BDC794DC39DAD662681F3 /* MultiModalKit in Frameworks */,
				20195D84C77681B83F3CD2CB /* MultiModalKitTesting in Frameworks */,
				310C0A66C7D5AE9E8949A90E /* MultiModalKitWhisper in Frameworks */,
				6DF111453C38F4F9FC98DA75 /* MultiModalKitTTS in Frameworks */,
			);
			runOnlyForDeploymentPostprocessing = 0;
		};
/* End PBXFrameworksBuildPhase section */

/* Begin PBXGroup section */
		05B544A7EA91B5DFC964AD1C /* Products */ = {
			isa = PBXGroup;
			children = (
				085B44330D3DEB5202BAE9D7 /* TranscribeDemo.app */,
			);
			name = Products;
			sourceTree = "<group>";
		};
		1E2644FDCFF5C78A0B3F2F7B = {
			isa = PBXGroup;
			children = (
				AD087B7200D20CD999676332 /* multimodal-coordinator */,
				2E8F667CCD0694F240B5057A /* Packages */,
				CEEE7D94E833B5DD028088EB /* Sources */,
				05B544A7EA91B5DFC964AD1C /* Products */,
			);
			sourceTree = "<group>";
		};
		2E8F667CCD0694F240B5057A /* Packages */ = {
			isa = PBXGroup;
			children = (
				E9370469C1D7537FC640A814 /* multimodal-coordinator */,
			);
			name = Packages;
			sourceTree = "<group>";
		};
		A7E92375DC6692181DC170C1 /* Fixtures */ = {
			isa = PBXGroup;
			children = (
				62811A7E85B37A1A75B7AA6F /* bakeoff-reference.txt */,
				40D158610A62F1FCD2DBDE41 /* ryad-en.wav */,
			);
			path = Fixtures;
			sourceTree = "<group>";
		};
		AD087B7200D20CD999676332 /* multimodal-coordinator */ = {
			isa = PBXGroup;
			children = (
				A7E92375DC6692181DC170C1 /* Fixtures */,
			);
			name = "multimodal-coordinator";
			path = ../..;
			sourceTree = "<group>";
		};
		CEEE7D94E833B5DD028088EB /* Sources */ = {
			isa = PBXGroup;
			children = (
				F55B6AEB6559E79DEDA042A8 /* ContentView.swift */,
				28BDC7531D2E15DC9EF02ABF /* PhoneSession.swift */,
				06FC5B573FF7D06A08D76106 /* TranscribeDemoApp.swift */,
				F40055F8D39F68DAC340E1E1 /* TranscribeModel.swift */,
			);
			path = Sources;
			sourceTree = "<group>";
		};
/* End PBXGroup section */

/* Begin PBXNativeTarget section */
		125424ECD9770C811B255E68 /* TranscribeDemo */ = {
			isa = PBXNativeTarget;
			buildConfigurationList = 3D997CD369BEE75007A2F0BC /* Build configuration list for PBXNativeTarget "TranscribeDemo" */;
			buildPhases = (
				1588CC8687A6E11D9A560861 /* Sources */,
				239DED780A0A122EB46375C7 /* Resources */,
				64DCFEB2EA1B0FBC80FF16D9 /* Frameworks */,
			);
			buildRules = (
			);
			dependencies = (
			);
			name = TranscribeDemo;
			packageProductDependencies = (
				AC3E96CBCF532F30A024E805 /* MultiModalKit */,
				0A2CF38D0EAC11F37DB3D116 /* MultiModalKitTesting */,
				91D46599C4B27B19A9112CC8 /* MultiModalKitWhisper */,
				B1C9D83CF52F623CBEC145B8 /* MultiModalKitTTS */,
			);
			productName = TranscribeDemo;
			productReference = 085B44330D3DEB5202BAE9D7 /* TranscribeDemo.app */;
			productType = "com.apple.product-type.application";
		};
/* End PBXNativeTarget section */

/* Begin PBXProject section */
		0D00DD9561A423DBE5AC2B48 /* Project object */ = {
			isa = PBXProject;
			attributes = {
				BuildIndependentTargetsInParallel = YES;
				LastUpgradeCheck = 1430;
				TargetAttributes = {
					125424ECD9770C811B255E68 = {
						ProvisioningStyle = Automatic;
					};
				};
			};
			buildConfigurationList = F740BC17C31569D0B8DD6516 /* Build configuration list for PBXProject "TranscribeDemo" */;
			developmentRegion = en;
			hasScannedForEncodings = 0;
			knownRegions = (
				Base,
				en,
			);
			mainGroup = 1E2644FDCFF5C78A0B3F2F7B;
			minimizedProjectReferenceProxies = 1;
			packageReferences = (
				85324C58F645C81CCE29A947 /* XCLocalSwiftPackageReference "../.." */,
			);
			preferredProjectObjectVersion = 77;
			productRefGroup = 05B544A7EA91B5DFC964AD1C /* Products */;
			projectDirPath = "";
			projectRoot = "";
			targets = (
				125424ECD9770C811B255E68 /* TranscribeDemo */,
			);
		};
/* End PBXProject section */

/* Begin PBXResourcesBuildPhase section */
		239DED780A0A122EB46375C7 /* Resources */ = {
			isa = PBXResourcesBuildPhase;
			buildActionMask = 2147483647;
			files = (
				020BC41DB6212E492DB28B0C /* bakeoff-reference.txt in Resources */,
				63EFEEC2E74AC7A3F270E5F8 /* ryad-en.wav in Resources */,
			);
			runOnlyForDeploymentPostprocessing = 0;
		};
/* End PBXResourcesBuildPhase section */

/* Begin PBXSourcesBuildPhase section */
		1588CC8687A6E11D9A560861 /* Sources */ = {
			isa = PBXSourcesBuildPhase;
			buildActionMask = 2147483647;
			files = (
				423F679D2CB7551AB7C0EC22 /* ContentView.swift in Sources */,
				FEE72793A1C59D5217C79633 /* PhoneSession.swift in Sources */,
				DFBA24BA87E376099A8AD354 /* TranscribeDemoApp.swift in Sources */,
				91D87217FBAB26491A4C6EAF /* TranscribeModel.swift in Sources */,
			);
			runOnlyForDeploymentPostprocessing = 0;
		};
/* End PBXSourcesBuildPhase section */

/* Begin XCBuildConfiguration section */
		1A536D16F72D9EFCF282637B /* Release */ = {
			isa = XCBuildConfiguration;
			buildSettings = {
				ASSETCATALOG_COMPILER_APPICON_NAME = AppIcon;
				CODE_SIGN_IDENTITY = "iPhone Developer";
				CODE_SIGN_STYLE = Automatic;
				DEVELOPMENT_TEAM = 9CNN68349Z;
				GENERATE_INFOPLIST_FILE = YES;
				INFOPLIST_KEY_NSMicrophoneUsageDescription = "The demo listens to the microphone to transcribe your speech — fully on this device, nothing leaves it.";
				INFOPLIST_KEY_NSSpeechRecognitionUsageDescription = "Transcription runs entirely on this device.";
				INFOPLIST_KEY_UILaunchScreen_Generation = YES;
				INFOPLIST_KEY_UISupportedInterfaceOrientations_iPhone = "UIInterfaceOrientationPortrait UIInterfaceOrientationLandscapeLeft UIInterfaceOrientationLandscapeRight";
				LD_RUNPATH_SEARCH_PATHS = (
					"$(inherited)",
					"@executable_path/Frameworks",
				);
				PRODUCT_BUNDLE_IDENTIFIER = dev.nooron.TranscribeDemo;
				SDKROOT = iphoneos;
				SWIFT_STRICT_CONCURRENCY = complete;
				SWIFT_VERSION = 6.0;
				TARGETED_DEVICE_FAMILY = "1,2";
			};
			name = Release;
		};
		9B96F1A23095E048CD2A961A /* Debug */ = {
			isa = XCBuildConfiguration;
			buildSettings = {
				ASSETCATALOG_COMPILER_APPICON_NAME = AppIcon;
				CODE_SIGN_IDENTITY = "iPhone Developer";
				CODE_SIGN_STYLE = Automatic;
				DEVELOPMENT_TEAM = 9CNN68349Z;
				GENERATE_INFOPLIST_FILE = YES;
				INFOPLIST_KEY_NSMicrophoneUsageDescription = "The demo listens to the microphone to transcribe your speech — fully on this device, nothing leaves it.";
				INFOPLIST_KEY_NSSpeechRecognitionUsageDescription = "Transcription runs entirely on this device.";
				INFOPLIST_KEY_UILaunchScreen_Generation = YES;
				INFOPLIST_KEY_UISupportedInterfaceOrientations_iPhone = "UIInterfaceOrientationPortrait UIInterfaceOrientationLandscapeLeft UIInterfaceOrientationLandscapeRight";
				LD_RUNPATH_SEARCH_PATHS = (
					"$(inherited)",
					"@executable_path/Frameworks",
				);
				PRODUCT_BUNDLE_IDENTIFIER = dev.nooron.TranscribeDemo;
				SDKROOT = iphoneos;
				SWIFT_STRICT_CONCURRENCY = complete;
				SWIFT_VERSION = 6.0;
				TARGETED_DEVICE_FAMILY = "1,2";
			};
			name = Debug;
		};
		BB48F664D1970ABF67E14755 /* Debug */ = {
			isa = XCBuildConfiguration;
			buildSettings = {
				ALWAYS_SEARCH_USER_PATHS = NO;
				CLANG_ANALYZER_NONNULL = YES;
				CLANG_ANALYZER_NUMBER_OBJECT_CONVERSION = YES_AGGRESSIVE;
				CLANG_CXX_LANGUAGE_STANDARD = "gnu++14";
				CLANG_CXX_LIBRARY = "libc++";
				CLANG_ENABLE_MODULES = YES;
				CLANG_ENABLE_OBJC_ARC = YES;
				CLANG_ENABLE_OBJC_WEAK = YES;
				CLANG_WARN_BLOCK_CAPTURE_AUTORELEASING = YES;
				CLANG_WARN_BOOL_CONVERSION = YES;
				CLANG_WARN_COMMA = YES;
				CLANG_WARN_CONSTANT_CONVERSION = YES;
				CLANG_WARN_DEPRECATED_OBJC_IMPLEMENTATIONS = YES;
				CLANG_WARN_DIRECT_OBJC_ISA_USAGE = YES_ERROR;
				CLANG_WARN_DOCUMENTATION_COMMENTS = YES;
				CLANG_WARN_EMPTY_BODY = YES;
				CLANG_WARN_ENUM_CONVERSION = YES;
				CLANG_WARN_INFINITE_RECURSION = YES;
				CLANG_WARN_INT_CONVERSION = YES;
				CLANG_WARN_NON_LITERAL_NULL_CONVERSION = YES;
				CLANG_WARN_OBJC_IMPLICIT_RETAIN_SELF = YES;
				CLANG_WARN_OBJC_LITERAL_CONVERSION = YES;
				CLANG_WARN_OBJC_ROOT_CLASS = YES_ERROR;
				CLANG_WARN_QUOTED_INCLUDE_IN_FRAMEWORK_HEADER = YES;
				CLANG_WARN_RANGE_LOOP_ANALYSIS = YES;
				CLANG_WARN_STRICT_PROTOTYPES = YES;
				CLANG_WARN_SUSPICIOUS_MOVE = YES;
				CLANG_WARN_UNGUARDED_AVAILABILITY = YES_AGGRESSIVE;
				CLANG_WARN_UNREACHABLE_CODE = YES;
				CLANG_WARN__DUPLICATE_METHOD_MATCH = YES;
				COPY_PHASE_STRIP = NO;
				DEBUG_INFORMATION_FORMAT = dwarf;
				ENABLE_STRICT_OBJC_MSGSEND = YES;
				ENABLE_TESTABILITY = YES;
				GCC_C_LANGUAGE_STANDARD = gnu11;
				GCC_DYNAMIC_NO_PIC = NO;
				GCC_NO_COMMON_BLOCKS = YES;
				GCC_OPTIMIZATION_LEVEL = 0;
				GCC_PREPROCESSOR_DEFINITIONS = (
					"$(inherited)",
					"DEBUG=1",
				);
				GCC_WARN_64_TO_32_BIT_CONVERSION = YES;
				GCC_WARN_ABOUT_RETURN_TYPE = YES_ERROR;
				GCC_WARN_UNDECLARED_SELECTOR = YES;
				GCC_WARN_UNINITIALIZED_AUTOS = YES_AGGRESSIVE;
				GCC_WARN_UNUSED_FUNCTION = YES;
				GCC_WARN_UNUSED_VARIABLE = YES;
				IPHONEOS_DEPLOYMENT_TARGET = 26.0;
				MTL_ENABLE_DEBUG_INFO = INCLUDE_SOURCE;
				MTL_FAST_MATH = YES;
				ONLY_ACTIVE_ARCH = YES;
				PRODUCT_NAME = "$(TARGET_NAME)";
				SDKROOT = iphoneos;
				SWIFT_ACTIVE_COMPILATION_CONDITIONS = DEBUG;
				SWIFT_OPTIMIZATION_LEVEL = "-Onone";
				SWIFT_VERSION = 5.0;
			};
			name = Debug;
		};
		C2A47C267A6F064CE91DF687 /* Release */ = {
			isa = XCBuildConfiguration;
			buildSettings = {
				ALWAYS_SEARCH_USER_PATHS = NO;
				CLANG_ANALYZER_NONNULL = YES;
				CLANG_ANALYZER_NUMBER_OBJECT_CONVERSION = YES_AGGRESSIVE;
				CLANG_CXX_LANGUAGE_STANDARD = "gnu++14";
				CLANG_CXX_LIBRARY = "libc++";
				CLANG_ENABLE_MODULES = YES;
				CLANG_ENABLE_OBJC_ARC = YES;
				CLANG_ENABLE_OBJC_WEAK = YES;
				CLANG_WARN_BLOCK_CAPTURE_AUTORELEASING = YES;
				CLANG_WARN_BOOL_CONVERSION = YES;
				CLANG_WARN_COMMA = YES;
				CLANG_WARN_CONSTANT_CONVERSION = YES;
				CLANG_WARN_DEPRECATED_OBJC_IMPLEMENTATIONS = YES;
				CLANG_WARN_DIRECT_OBJC_ISA_USAGE = YES_ERROR;
				CLANG_WARN_DOCUMENTATION_COMMENTS = YES;
				CLANG_WARN_EMPTY_BODY = YES;
				CLANG_WARN_ENUM_CONVERSION = YES;
				CLANG_WARN_INFINITE_RECURSION = YES;
				CLANG_WARN_INT_CONVERSION = YES;
				CLANG_WARN_NON_LITERAL_NULL_CONVERSION = YES;
				CLANG_WARN_OBJC_IMPLICIT_RETAIN_SELF = YES;
				CLANG_WARN_OBJC_LITERAL_CONVERSION = YES;
				CLANG_WARN_OBJC_ROOT_CLASS = YES_ERROR;
				CLANG_WARN_QUOTED_INCLUDE_IN_FRAMEWORK_HEADER = YES;
				CLANG_WARN_RANGE_LOOP_ANALYSIS = YES;
				CLANG_WARN_STRICT_PROTOTYPES = YES;
				CLANG_WARN_SUSPICIOUS_MOVE = YES;
				CLANG_WARN_UNGUARDED_AVAILABILITY = YES_AGGRESSIVE;
				CLANG_WARN_UNREACHABLE_CODE = YES;
				CLANG_WARN__DUPLICATE_METHOD_MATCH = YES;
				COPY_PHASE_STRIP = NO;
				DEBUG_INFORMATION_FORMAT = "dwarf-with-dsym";
				ENABLE_NS_ASSERTIONS = NO;
				ENABLE_STRICT_OBJC_MSGSEND = YES;
				GCC_C_LANGUAGE_STANDARD = gnu11;
				GCC_NO_COMMON_BLOCKS = YES;
				GCC_WARN_64_TO_32_BIT_CONVERSION = YES;
				GCC_WARN_ABOUT_RETURN_TYPE = YES_ERROR;
				GCC_WARN_UNDECLARED_SELECTOR = YES;
				GCC_WARN_UNINITIALIZED_AUTOS = YES_AGGRESSIVE;
				GCC_WARN_UNUSED_FUNCTION = YES;
				GCC_WARN_UNUSED_VARIABLE = YES;
				IPHONEOS_DEPLOYMENT_TARGET = 26.0;
				MTL_ENABLE_DEBUG_INFO = NO;
				MTL_FAST_MATH = YES;
				PRODUCT_NAME = "$(TARGET_NAME)";
				SDKROOT = iphoneos;
				SWIFT_COMPILATION_MODE = wholemodule;
				SWIFT_OPTIMIZATION_LEVEL = "-O";
				SWIFT_VERSION = 5.0;
			};
			name = Release;
		};
/* End XCBuildConfiguration section */

/* Begin XCConfigurationList section */
		3D997CD369BEE75007A2F0BC /* Build configuration list for PBXNativeTarget "TranscribeDemo" */ = {
			isa = XCConfigurationList;
			buildConfigurations = (
				9B96F1A23095E048CD2A961A /* Debug */,
				1A536D16F72D9EFCF282637B /* Release */,
			);
			defaultConfigurationIsVisible = 0;
			defaultConfigurationName = Debug;
		};
		F740BC17C31569D0B8DD6516 /* Build configuration list for PBXProject "TranscribeDemo" */ = {
			isa = XCConfigurationList;
			buildConfigurations = (
				BB48F664D1970ABF67E14755 /* Debug */,
				C2A47C267A6F064CE91DF687 /* Release */,
			);
			defaultConfigurationIsVisible = 0;
			defaultConfigurationName = Debug;
		};
/* End XCConfigurationList section */

/* Begin XCLocalSwiftPackageReference section */
		85324C58F645C81CCE29A947 /* XCLocalSwiftPackageReference "../.." */ = {
			isa = XCLocalSwiftPackageReference;
			relativePath = ../..;
		};
/* End XCLocalSwiftPackageReference section */

/* Begin XCSwiftPackageProductDependency section */
		0A2CF38D0EAC11F37DB3D116 /* MultiModalKitTesting */ = {
			isa = XCSwiftPackageProductDependency;
			productName = MultiModalKitTesting;
		};
		91D46599C4B27B19A9112CC8 /* MultiModalKitWhisper */ = {
			isa = XCSwiftPackageProductDependency;
			productName = MultiModalKitWhisper;
		};
		AC3E96CBCF532F30A024E805 /* MultiModalKit */ = {
			isa = XCSwiftPackageProductDependency;
			productName = MultiModalKit;
		};
		B1C9D83CF52F623CBEC145B8 /* MultiModalKitTTS */ = {
			isa = XCSwiftPackageProductDependency;
			productName = MultiModalKitTTS;
		};
/* End XCSwiftPackageProductDependency section */
	};
	rootObject = 0D00DD9561A423DBE5AC2B48 /* Project object */;
}
