// !$*UTF8*$!
{
	archiveVersion = 1;
	classes = {
	};
	objectVersion = 77;
	objects = {

/* Begin PBXBuildFile section */
		020BC41DB6212E492DB28B0C /* bakeoff-reference.txt in Resources */ = {isa = PBXBuildFile; fileRef = 62811A7E85B37A1A75B7AA6F /* bakeoff-reference.txt */; };
		12B0A724E7657936CCC1A55A /* TranscribeModel+Interruptions.swift in Sources */ = {isa = PBXBuildFile; fileRef = 6691CF3F990968473A952D2C /* TranscribeModel+Interruptions.swift */; };
		20195D84C77681B83F3CD2CB /* MultiModalKitTesting in Frameworks */ = {isa = PBXBuildFile; productRef = 0A2CF38D0EAC11F37DB3D116 /* MultiModalKitTesting */; };
		2C4BDC794DC39DAD662681F3 /* MultiModalKit in Frameworks */ = {isa = PBXBuildFile; productRef = AC3E96CBCF532F30A024E805 /* MultiModalKit */; };
		2D11F806FA0FB72966911F09 /* TranscribeModel+Events.swift in Sources */ = {isa = PBXBuildFile; fileRef = 211C5E7798C7FCD83D6F8D64 /* TranscribeModel+Events.swift */; };
		310C0A66C7D5AE9E8949A90E /* MultiModalKitWhisper in Frameworks */ = {isa = PBXBuildFile; productRef = 91D46599C4B27B19A9112CC8 /* MultiModalKitWhisper */; };
		35D6C1CB22235A77FEE9F503 /* BenchTab.swift in Sources */ = {isa = PBXBuildFile; fileRef = 7B13604B01F1C6276023E17C /* BenchTab.swift */; };
		40BE566FF9AE15A90EA1D79E /* TranscribeModel+Pipeline.swift in Sources */ = {isa = PBXBuildFile; fileRef = ECBEDBB9869DD3D285345137 /* TranscribeModel+Pipeline.swift */; };
		483B5E456D525BC2CE1D4CEC /* RootView.swift in Sources */ = {isa = PBXBuildFile; fileRef = 7AC319CFA3F8C402D1CF9C51 /* RootView.swift */; };
		55B9A4FDCBFC12251974DD9E /* TranscribeModel+Bench.swift in Sources */ = {isa = PBXBuildFile; fileRef = EACCB656DAE880C89D8D29B4 /* TranscribeModel+Bench.swift */; };
		575F4E41B849E6017220BA5E /* TranscribeModel.swift in Sources */ = {isa = PBXBuildFile; fileRef = 5CAFCFE69080BA65B1269D0B /* TranscribeModel.swift */; };
		5E7F9BE14687B531F010C974 /* BenchTab+Levers.swift in Sources */ = {isa = PBXBuildFile; fileRef = 69080D9C13E4A61DC0B000E8 /* BenchTab+Levers.swift */; };
		5FFF1441BD1768EC42E8DE60 /* TranscribeModel+Choices.swift in Sources */ = {isa = PBXBuildFile; fileRef = 99FAA79C5BB83567D044FE7A /* TranscribeModel+Choices.swift */; };
		63EFEEC2E74AC7A3F270E5F8 /* ryad-en.wav in Resources */ = {isa = PBXBuildFile; fileRef = 40D158610A62F1FCD2DBDE41 /* ryad-en.wav */; };
		6B739112B9E223E8DAEAD25E /* TranscribeModel+PressureProbe.swift in Sources */ = {isa = PBXBuildFile; fileRef = 34B74572437608C8650F3CBC /* TranscribeModel+PressureProbe.swift */; };
		6DF111453C38F4F9FC98DA75 /* MultiModalKitTTS in Frameworks */ = {isa = PBXBuildFile; productRef = B1C9D83CF52F623CBEC145B8 /* MultiModalKitTTS */; };
		80C7530167B4686EF7C896BF /* MultiModalKitBench in Frameworks */ = {isa = PBXBuildFile; productRef = B73F37DC7231E5744F928FE4 /* MultiModalKitBench */; };
		8355C2D1215CB4282D935CDB /* ChatTab+Turn.swift in Sources */ = {isa = PBXBuildFile; fileRef = 0EE94382D9DC53D73F38E556 /* ChatTab+Turn.swift */; };
		8469BCA896A1AFB4C7FFAA7F /* TranscribeModel+Settings.swift in Sources */ = {isa = PBXBuildFile; fileRef = CCE8D6E8144659FEDE66B801 /* TranscribeModel+Settings.swift */; };
		892ABCA32E569A199B4981F5 /* TranscribeModel+Assets.swift in Sources */ = {isa = PBXBuildFile; fileRef = F84A473562F01BC5A69F1AE1 /* TranscribeModel+Assets.swift */; };
		8B8C76978D878D6A7BB6D01C /* MindProbe.swift in Sources */ = {isa = PBXBuildFile; fileRef = 9BAB7E15438A81D1763F2B75 /* MindProbe.swift */; };
		93327912EA815444C534EF4D /* TranscribeModel+Levers.swift in Sources */ = {isa = PBXBuildFile; fileRef = B6C688CF23F2E5F50ED68903 /* TranscribeModel+Levers.swift */; };
		A4A07B36C111DBAE0E40EA30 /* ChatTab.swift in Sources */ = {isa = PBXBuildFile; fileRef = 9E0D1CD307DBAA4EC0084A3C /* ChatTab.swift */; };
		B55C8CA2213C71BFF850D6A6 /* PhoneBenchStage.swift in Sources */ = {isa = PBXBuildFile; fileRef = E0A891611D3A4B8E559DB4C3 /* PhoneBenchStage.swift */; };
		B6D4700CA39749CC9EAF626A /* PhoneSession.swift in Sources */ = {isa = PBXBuildFile; fileRef = F65F3C8AC16A5263D6F942F4 /* PhoneSession.swift */; };
		B9A9ED57147F2D5D5E4D2BE4 /* SettingsTab.swift in Sources */ = {isa = PBXBuildFile; fileRef = ED702F8110D649D4844745E7 /* SettingsTab.swift */; };
		BCC7BA87FB4C5EF3D584BB0A /* TranscribeDemoApp.swift in Sources */ = {isa = PBXBuildFile; fileRef = 222F04F05EBE7A7BF6C83F91 /* TranscribeDemoApp.swift */; };
		BF0CAD68B64EDD36031CAB96 /* TranscribeModel+AudioProbes.swift in Sources */ = {isa = PBXBuildFile; fileRef = ACB58871A84E4EEF8C95CF0E /* TranscribeModel+AudioProbes.swift */; };
		C1427CD7F001103EA2A23D40 /* MultiModalKitMLX in Frameworks */ = {isa = PBXBuildFile; productRef = 043A7AA45C2390C0CD0E8EE7 /* MultiModalKitMLX */; };
		E896136C2795EDC26814F719 /* TranscribeModel+Mind.swift in Sources */ = {isa = PBXBuildFile; fileRef = 044965F93824B5D762FA9253 /* TranscribeModel+Mind.swift */; };
/* End PBXBuildFile section */

/* Begin PBXFileReference section */
		044965F93824B5D762FA9253 /* TranscribeModel+Mind.swift */ = {isa = PBXFileReference; lastKnownFileType = sourcecode.swift; path = "TranscribeModel+Mind.swift"; sourceTree = "<group>"; };
		085B44330D3DEB5202BAE9D7 /* TranscribeDemo.app */ = {isa = PBXFileReference; includeInIndex = 0; lastKnownFileType = wrapper.application; path = TranscribeDemo.app; sourceTree = BUILT_PRODUCTS_DIR; };
		0EE94382D9DC53D73F38E556 /* ChatTab+Turn.swift */ = {isa = PBXFileReference; lastKnownFileType = sourcecode.swift; path = "ChatTab+Turn.swift"; sourceTree = "<group>"; };
		211C5E7798C7FCD83D6F8D64 /* TranscribeModel+Events.swift */ = {isa = PBXFileReference; lastKnownFileType = sourcecode.swift; path = "TranscribeModel+Events.swift"; sourceTree = "<group>"; };
		222F04F05EBE7A7BF6C83F91 /* TranscribeDemoApp.swift */ = {isa = PBXFileReference; lastKnownFileType = sourcecode.swift; path = TranscribeDemoApp.swift; sourceTree = "<group>"; };
		34B74572437608C8650F3CBC /* TranscribeModel+PressureProbe.swift */ = {isa = PBXFileReference; lastKnownFileType = sourcecode.swift; path = "TranscribeModel+PressureProbe.swift"; sourceTree = "<group>"; };
		40D158610A62F1FCD2DBDE41 /* ryad-en.wav */ = {isa = PBXFileReference; lastKnownFileType = audio.wav; path = "ryad-en.wav"; sourceTree = "<group>"; };
		5CAFCFE69080BA65B1269D0B /* TranscribeModel.swift */ = {isa = PBXFileReference; lastKnownFileType = sourcecode.swift; path = TranscribeModel.swift; sourceTree = "<group>"; };
		62811A7E85B37A1A75B7AA6F /* bakeoff-reference.txt */ = {isa = PBXFileReference; lastKnownFileType = text; path = "bakeoff-reference.txt"; sourceTree = "<group>"; };
		6691CF3F990968473A952D2C /* TranscribeModel+Interruptions.swift */ = {isa = PBXFileReference; lastKnownFileType = sourcecode.swift; path = "TranscribeModel+Interruptions.swift"; sourceTree = "<group>"; };
		69080D9C13E4A61DC0B000E8 /* BenchTab+Levers.swift */ = {isa = PBXFileReference; lastKnownFileType = sourcecode.swift; path = "BenchTab+Levers.swift"; sourceTree = "<group>"; };
		7AC319CFA3F8C402D1CF9C51 /* RootView.swift */ = {isa = PBXFileReference; lastKnownFileType = sourcecode.swift; path = RootView.swift; sourceTree = "<group>"; };
		7B13604B01F1C6276023E17C /* BenchTab.swift */ = {isa = PBXFileReference; lastKnownFileType = sourcecode.swift; path = BenchTab.swift; sourceTree = "<group>"; };
		99FAA79C5BB83567D044FE7A /* TranscribeModel+Choices.swift */ = {isa = PBXFileReference; lastKnownFileType = sourcecode.swift; path = "TranscribeModel+Choices.swift"; sourceTree = "<group>"; };
		9BAB7E15438A81D1763F2B75 /* MindProbe.swift */ = {isa = PBXFileReference; lastKnownFileType = sourcecode.swift; path = MindProbe.swift; sourceTree = "<group>"; };
		9E0D1CD307DBAA4EC0084A3C /* ChatTab.swift */ = {isa = PBXFileReference; lastKnownFileType = sourcecode.swift; path = ChatTab.swift; sourceTree = "<group>"; };
		ACB58871A84E4EEF8C95CF0E /* TranscribeModel+AudioProbes.swift */ = {isa = PBXFileReference; lastKnownFileType = sourcecode.swift; path = "TranscribeModel+AudioProbes.swift"; sourceTree = "<group>"; };
		B6C688CF23F2E5F50ED68903 /* TranscribeModel+Levers.swift */ = {isa = PBXFileReference; lastKnownFileType = sourcecode.swift; path = "TranscribeModel+Levers.swift"; sourceTree = "<group>"; };
		CCE8D6E8144659FEDE66B801 /* TranscribeModel+Settings.swift */ = {isa = PBXFileReference; lastKnownFileType = sourcecode.swift; path = "TranscribeModel+Settings.swift"; sourceTree = "<group>"; };
		E0A891611D3A4B8E559DB4C3 /* PhoneBenchStage.swift */ = {isa = PBXFileReference; lastKnownFileType = sourcecode.swift; path = PhoneBenchStage.swift; sourceTree = "<group>"; };
		E9370469C1D7537FC640A814 /* multimodal-coordinator */ = {isa = PBXFileReference; lastKnownFileType = folder; name = "multimodal-coordinator"; path = ../..; sourceTree = SOURCE_ROOT; };
		EACCB656DAE880C89D8D29B4 /* TranscribeModel+Bench.swift */ = {isa = PBXFileReference; lastKnownFileType = sourcecode.swift; path = "TranscribeModel+Bench.swift"; sourceTree = "<group>"; };
		ECBEDBB9869DD3D285345137 /* TranscribeModel+Pipeline.swift */ = {isa = PBXFileReference; lastKnownFileType = sourcecode.swift; path = "TranscribeModel+Pipeline.swift"; sourceTree = "<group>"; };
		ED702F8110D649D4844745E7 /* SettingsTab.swift */ = {isa = PBXFileReference; lastKnownFileType = sourcecode.swift; path = SettingsTab.swift; sourceTree = "<group>"; };
		F65F3C8AC16A5263D6F942F4 /* PhoneSession.swift */ = {isa = PBXFileReference; lastKnownFileType = sourcecode.swift; path = PhoneSession.swift; sourceTree = "<group>"; };
		F84A473562F01BC5A69F1AE1 /* TranscribeModel+Assets.swift */ = {isa = PBXFileReference; lastKnownFileType = sourcecode.swift; path = "TranscribeModel+Assets.swift"; sourceTree = "<group>"; };
/* End PBXFileReference section */

/* Begin PBXFrameworksBuildPhase section */
		64DCFEB2EA1B0FBC80FF16D9 /* Frameworks */ = {
			isa = PBXFrameworksBuildPhase;
			buildActionMask = 2147483647;
			files = (
				2C4BDC794DC39DAD662681F3 /* MultiModalKit in Frameworks */,
				20195D84C77681B83F3CD2CB /* MultiModalKitTesting in Frameworks */,
				310C0A66C7D5AE9E8949A90E /* MultiModalKitWhisper in Frameworks */,
				6DF111453C38F4F9FC98DA75 /* MultiModalKitTTS in Frameworks */,
				80C7530167B4686EF7C896BF /* MultiModalKitBench in Frameworks */,
				C1427CD7F001103EA2A23D40 /* MultiModalKitMLX in Frameworks */,
			);
			runOnlyForDeploymentPostprocessing = 0;
		};
/* End PBXFrameworksBuildPhase section */

/* Begin PBXGroup section */
		05B544A7EA91B5DFC964AD1C /* Products */ = {
			isa = PBXGroup;
			children = (
				085B44330D3DEB5202BAE9D7 /* TranscribeDemo.app */,
			);
			name = Products;
			sourceTree = "<group>";
		};
		0FBC2BC13E8DCC391BAC524B /* Views */ = {
			isa = PBXGroup;
			children = (
				7B13604B01F1C6276023E17C /* BenchTab.swift */,
				69080D9C13E4A61DC0B000E8 /* BenchTab+Levers.swift */,
				9E0D1CD307DBAA4EC0084A3C /* ChatTab.swift */,
				0EE94382D9DC53D73F38E556 /* ChatTab+Turn.swift */,
				ED702F8110D649D4844745E7 /* SettingsTab.swift */,
			);
			path = Views;
			sourceTree = "<group>";
		};
		1E2644FDCFF5C78A0B3F2F7B = {
			isa = PBXGroup;
			children = (
				AD087B7200D20CD999676332 /* multimodal-coordinator */,
				2E8F667CCD0694F240B5057A /* Packages */,
				CEEE7D94E833B5DD028088EB /* Sources */,
				05B544A7EA91B5DFC964AD1C /* Products */,
			);
			sourceTree = "<group>";
		};
		2E8F667CCD0694F240B5057A /* Packages */ = {
			isa = PBXGroup;
			children = (
				E9370469C1D7537FC640A814 /* multimodal-coordinator */,
			);
			name = Packages;
			sourceTree = "<group>";
		};
		A7E92375DC6692181DC170C1 /* Fixtures */ = {
			isa = PBXGroup;
			children = (
				62811A7E85B37A1A75B7AA6F /* bakeoff-reference.txt */,
				40D158610A62F1FCD2DBDE41 /* ryad-en.wav */,
			);
			path = Fixtures;
			sourceTree = "<group>";
		};
		AD087B7200D20CD999676332 /* multimodal-coordinator */ = {
			isa = PBXGroup;
			children = (
				A7E92375DC6692181DC170C1 /* Fixtures */,
			);
			name = "multimodal-coordinator";
			path = ../..;
			sourceTree = "<group>";
		};
		BC6E6334580DF0DB69586AF9 /* App */ = {
			isa = PBXGroup;
			children = (
				F65F3C8AC16A5263D6F942F4 /* PhoneSession.swift */,
				7AC319CFA3F8C402D1CF9C51 /* RootView.swift */,
				222F04F05EBE7A7BF6C83F91 /* TranscribeDemoApp.swift */,
			);
			path = App;
			sourceTree = "<group>";
		};
		CEEE7D94E833B5DD028088EB /* Sources */ = {
			isa = PBXGroup;
			children = (
				BC6E6334580DF0DB69586AF9 /* App */,
				E6A3E9AC7163355F88C890E0 /* Instruments */,
				D167203034B61BD5D516FCAB /* Model */,
				0FBC2BC13E8DCC391BAC524B /* Views */,
			);
			path = Sources;
			sourceTree = "<group>";
		};
		D167203034B61BD5D516FCAB /* Model */ = {
			isa = PBXGroup;
			children = (
				5CAFCFE69080BA65B1269D0B /* TranscribeModel.swift */,
				F84A473562F01BC5A69F1AE1 /* TranscribeModel+Assets.swift */,
				ACB58871A84E4EEF8C95CF0E /* TranscribeModel+AudioProbes.swift */,
				EACCB656DAE880C89D8D29B4 /* TranscribeModel+Bench.swift */,
				99FAA79C5BB83567D044FE7A /* TranscribeModel+Choices.swift */,
				211C5E7798C7FCD83D6F8D64 /* TranscribeModel+Events.swift */,
				6691CF3F990968473A952D2C /* TranscribeModel+Interruptions.swift */,
				B6C688CF23F2E5F50ED68903 /* TranscribeModel+Levers.swift */,
				044965F93824B5D762FA9253 /* TranscribeModel+Mind.swift */,
				ECBEDBB9869DD3D285345137 /* TranscribeModel+Pipeline.swift */,
				34B74572437608C8650F3CBC /* TranscribeModel+PressureProbe.swift */,
				CCE8D6E8144659FEDE66B801 /* TranscribeModel+Settings.swift */,
			);
			path = Model;
			sourceTree = "<group>";
		};
		E6A3E9AC7163355F88C890E0 /* Instruments */ = {
			isa = PBXGroup;
			children = (
				9BAB7E15438A81D1763F2B75 /* MindProbe.swift */,
				E0A891611D3A4B8E559DB4C3 /* PhoneBenchStage.swift */,
			);
			path = Instruments;
			sourceTree = "<group>";
		};
/* End PBXGroup section */

/* Begin PBXNativeTarget section */
		125424ECD9770C811B255E68 /* TranscribeDemo */ = {
			isa = PBXNativeTarget;
			buildConfigurationList = 3D997CD369BEE75007A2F0BC /* Build configuration list for PBXNativeTarget "TranscribeDemo" */;
			buildPhases = (
				1588CC8687A6E11D9A560861 /* Sources */,
				98B71003CBBB260829360AA8 /* SwiftLint */,
				239DED780A0A122EB46375C7 /* Resources */,
				64DCFEB2EA1B0FBC80FF16D9 /* Frameworks */,
			);
			buildRules = (
			);
			dependencies = (
			);
			name = TranscribeDemo;
			packageProductDependencies = (
				AC3E96CBCF532F30A024E805 /* MultiModalKit */,
				0A2CF38D0EAC11F37DB3D116 /* MultiModalKitTesting */,
				91D46599C4B27B19A9112CC8 /* MultiModalKitWhisper */,
				B1C9D83CF52F623CBEC145B8 /* MultiModalKitTTS */,
				B73F37DC7231E5744F928FE4 /* MultiModalKitBench */,
				043A7AA45C2390C0CD0E8EE7 /* MultiModalKitMLX */,
			);
			productName = TranscribeDemo;
			productReference = 085B44330D3DEB5202BAE9D7 /* TranscribeDemo.app */;
			productType = "com.apple.product-type.application";
		};
/* End PBXNativeTarget section */

/* Begin PBXProject section */
		0D00DD9561A423DBE5AC2B48 /* Project object */ = {
			isa = PBXProject;
			attributes = {
				BuildIndependentTargetsInParallel = YES;
				LastUpgradeCheck = 1430;
				TargetAttributes = {
					125424ECD9770C811B255E68 = {
						ProvisioningStyle = Automatic;
					};
				};
			};
			buildConfigurationList = F740BC17C31569D0B8DD6516 /* Build configuration list for PBXProject "TranscribeDemo" */;
			developmentRegion = en;
			hasScannedForEncodings = 0;
			knownRegions = (
				Base,
				en,
			);
			mainGroup = 1E2644FDCFF5C78A0B3F2F7B;
			minimizedProjectReferenceProxies = 1;
			packageReferences = (
				85324C58F645C81CCE29A947 /* XCLocalSwiftPackageReference "../.." */,
			);
			preferredProjectObjectVersion = 77;
			productRefGroup = 05B544A7EA91B5DFC964AD1C /* Products */;
			projectDirPath = "";
			projectRoot = "";
			targets = (
				125424ECD9770C811B255E68 /* TranscribeDemo */,
			);
		};
/* End PBXProject section */

/* Begin PBXResourcesBuildPhase section */
		239DED780A0A122EB46375C7 /* Resources */ = {
			isa = PBXResourcesBuildPhase;
			buildActionMask = 2147483647;
			files = (
				020BC41DB6212E492DB28B0C /* bakeoff-reference.txt in Resources */,
				63EFEEC2E74AC7A3F270E5F8 /* ryad-en.wav in Resources */,
			);
			runOnlyForDeploymentPostprocessing = 0;
		};
/* End PBXResourcesBuildPhase section */

/* Begin PBXShellScriptBuildPhase section */
		98B71003CBBB260829360AA8 /* SwiftLint */ = {
			isa = PBXShellScriptBuildPhase;
			alwaysOutOfDate = 1;
			buildActionMask = 2147483647;
			files = (
			);
			inputFileListPaths = (
			);
			inputPaths = (
			);
			name = SwiftLint;
			outputFileListPaths = (
			);
			outputPaths = (
			);
			runOnlyForDeploymentPostprocessing = 0;
			shellPath = /bin/sh;
			shellScript = "if command -v swiftlint >/dev/null 2>&1; then\n  cd \"$SRCROOT/../..\" && swiftlint lint --quiet\nelse\n  echo \"warning: swiftlint not installed — brew install swiftlint\"\nfi\n";
		};
/* End PBXShellScriptBuildPhase section */

/* Begin PBXSourcesBuildPhase section */
		1588CC8687A6E11D9A560861 /* Sources */ = {
			isa = PBXSourcesBuildPhase;
			buildActionMask = 2147483647;
			files = (
				5E7F9BE14687B531F010C974 /* BenchTab+Levers.swift in Sources */,
				35D6C1CB22235A77FEE9F503 /* BenchTab.swift in Sources */,
				8355C2D1215CB4282D935CDB /* ChatTab+Turn.swift in Sources */,
				A4A07B36C111DBAE0E40EA30 /* ChatTab.swift in Sources */,
				8B8C76978D878D6A7BB6D01C /* MindProbe.swift in Sources */,
				B55C8CA2213C71BFF850D6A6 /* PhoneBenchStage.swift in Sources */,
				B6D4700CA39749CC9EAF626A /* PhoneSession.swift in Sources */,
				483B5E456D525BC2CE1D4CEC /* RootView.swift in Sources */,
				B9A9ED57147F2D5D5E4D2BE4 /* SettingsTab.swift in Sources */,
				BCC7BA87FB4C5EF3D584BB0A /* TranscribeDemoApp.swift in Sources */,
				892ABCA32E569A199B4981F5 /* TranscribeModel+Assets.swift in Sources */,
				BF0CAD68B64EDD36031CAB96 /* TranscribeModel+AudioProbes.swift in Sources */,
				55B9A4FDCBFC12251974DD9E /* TranscribeModel+Bench.swift in Sources */,
				5FFF1441BD1768EC42E8DE60 /* TranscribeModel+Choices.swift in Sources */,
				2D11F806FA0FB72966911F09 /* TranscribeModel+Events.swift in Sources */,
				12B0A724E7657936CCC1A55A /* TranscribeModel+Interruptions.swift in Sources */,
				93327912EA815444C534EF4D /* TranscribeModel+Levers.swift in Sources */,
				E896136C2795EDC26814F719 /* TranscribeModel+Mind.swift in Sources */,
				40BE566FF9AE15A90EA1D79E /* TranscribeModel+Pipeline.swift in Sources */,
				6B739112B9E223E8DAEAD25E /* TranscribeModel+PressureProbe.swift in Sources */,
				8469BCA896A1AFB4C7FFAA7F /* TranscribeModel+Settings.swift in Sources */,
				575F4E41B849E6017220BA5E /* TranscribeModel.swift in Sources */,
			);
			runOnlyForDeploymentPostprocessing = 0;
		};
/* End PBXSourcesBuildPhase section */

/* Begin XCBuildConfiguration section */
		1A536D16F72D9EFCF282637B /* Release */ = {
			isa = XCBuildConfiguration;
			buildSettings = {
				ASSETCATALOG_COMPILER_APPICON_NAME = AppIcon;
				CODE_SIGN_IDENTITY = "iPhone Developer";
				CODE_SIGN_STYLE = Automatic;
				GENERATE_INFOPLIST_FILE = YES;
				INFOPLIST_KEY_NSMicrophoneUsageDescription = "The demo listens to the microphone to transcribe your speech — fully on this device, nothing leaves it.";
				INFOPLIST_KEY_NSSpeechRecognitionUsageDescription = "Transcription runs entirely on this device.";
				INFOPLIST_KEY_UILaunchScreen_Generation = YES;
				INFOPLIST_KEY_UISupportedInterfaceOrientations_iPhone = "UIInterfaceOrientationPortrait UIInterfaceOrientationLandscapeLeft UIInterfaceOrientationLandscapeRight";
				LD_RUNPATH_SEARCH_PATHS = (
					"$(inherited)",
					"@executable_path/Frameworks",
				);
				PRODUCT_BUNDLE_IDENTIFIER = dev.nooron.TranscribeDemo;
				SDKROOT = iphoneos;
				SWIFT_STRICT_CONCURRENCY = complete;
				SWIFT_VERSION = 6.0;
				TARGETED_DEVICE_FAMILY = "1,2";
			};
			name = Release;
		};
		9B96F1A23095E048CD2A961A /* Debug */ = {
			isa = XCBuildConfiguration;
			buildSettings = {
				ASSETCATALOG_COMPILER_APPICON_NAME = AppIcon;
				CODE_SIGN_IDENTITY = "iPhone Developer";
				CODE_SIGN_STYLE = Automatic;
				GENERATE_INFOPLIST_FILE = YES;
				INFOPLIST_KEY_NSMicrophoneUsageDescription = "The demo listens to the microphone to transcribe your speech — fully on this device, nothing leaves it.";
				INFOPLIST_KEY_NSSpeechRecognitionUsageDescription = "Transcription runs entirely on this device.";
				INFOPLIST_KEY_UILaunchScreen_Generation = YES;
				INFOPLIST_KEY_UISupportedInterfaceOrientations_iPhone = "UIInterfaceOrientationPortrait UIInterfaceOrientationLandscapeLeft UIInterfaceOrientationLandscapeRight";
				LD_RUNPATH_SEARCH_PATHS = (
					"$(inherited)",
					"@executable_path/Frameworks",
				);
				PRODUCT_BUNDLE_IDENTIFIER = dev.nooron.TranscribeDemo;
				SDKROOT = iphoneos;
				SWIFT_STRICT_CONCURRENCY = complete;
				SWIFT_VERSION = 6.0;
				TARGETED_DEVICE_FAMILY = "1,2";
			};
			name = Debug;
		};
		BB48F664D1970ABF67E14755 /* Debug */ = {
			isa = XCBuildConfiguration;
			buildSettings = {
				ALWAYS_SEARCH_USER_PATHS = NO;
				CLANG_ANALYZER_NONNULL = YES;
				CLANG_ANALYZER_NUMBER_OBJECT_CONVERSION = YES_AGGRESSIVE;
				CLANG_CXX_LANGUAGE_STANDARD = "gnu++14";
				CLANG_CXX_LIBRARY = "libc++";
				CLANG_ENABLE_MODULES = YES;
				CLANG_ENABLE_OBJC_ARC = YES;
				CLANG_ENABLE_OBJC_WEAK = YES;
				CLANG_WARN_BLOCK_CAPTURE_AUTORELEASING = YES;
				CLANG_WARN_BOOL_CONVERSION = YES;
				CLANG_WARN_COMMA = YES;
				CLANG_WARN_CONSTANT_CONVERSION = YES;
				CLANG_WARN_DEPRECATED_OBJC_IMPLEMENTATIONS = YES;
				CLANG_WARN_DIRECT_OBJC_ISA_USAGE = YES_ERROR;
				CLANG_WARN_DOCUMENTATION_COMMENTS = YES;
				CLANG_WARN_EMPTY_BODY = YES;
				CLANG_WARN_ENUM_CONVERSION = YES;
				CLANG_WARN_INFINITE_RECURSION = YES;
				CLANG_WARN_INT_CONVERSION = YES;
				CLANG_WARN_NON_LITERAL_NULL_CONVERSION = YES;
				CLANG_WARN_OBJC_IMPLICIT_RETAIN_SELF = YES;
				CLANG_WARN_OBJC_LITERAL_CONVERSION = YES;
				CLANG_WARN_OBJC_ROOT_CLASS = YES_ERROR;
				CLANG_WARN_QUOTED_INCLUDE_IN_FRAMEWORK_HEADER = YES;
				CLANG_WARN_RANGE_LOOP_ANALYSIS = YES;
				CLANG_WARN_STRICT_PROTOTYPES = YES;
				CLANG_WARN_SUSPICIOUS_MOVE = YES;
				CLANG_WARN_UNGUARDED_AVAILABILITY = YES_AGGRESSIVE;
				CLANG_WARN_UNREACHABLE_CODE = YES;
				CLANG_WARN__DUPLICATE_METHOD_MATCH = YES;
				COPY_PHASE_STRIP = NO;
				DEBUG_INFORMATION_FORMAT = dwarf;
				ENABLE_STRICT_OBJC_MSGSEND = YES;
				ENABLE_TESTABILITY = YES;
				GCC_C_LANGUAGE_STANDARD = gnu11;
				GCC_DYNAMIC_NO_PIC = NO;
				GCC_NO_COMMON_BLOCKS = YES;
				GCC_OPTIMIZATION_LEVEL = 0;
				GCC_PREPROCESSOR_DEFINITIONS = (
					"$(inherited)",
					"DEBUG=1",
				);
				GCC_WARN_64_TO_32_BIT_CONVERSION = YES;
				GCC_WARN_ABOUT_RETURN_TYPE = YES_ERROR;
				GCC_WARN_UNDECLARED_SELECTOR = YES;
				GCC_WARN_UNINITIALIZED_AUTOS = YES_AGGRESSIVE;
				GCC_WARN_UNUSED_FUNCTION = YES;
				GCC_WARN_UNUSED_VARIABLE = YES;
				IPHONEOS_DEPLOYMENT_TARGET = 26.0;
				MTL_ENABLE_DEBUG_INFO = INCLUDE_SOURCE;
				MTL_FAST_MATH = YES;
				ONLY_ACTIVE_ARCH = YES;
				PRODUCT_NAME = "$(TARGET_NAME)";
				SDKROOT = iphoneos;
				SWIFT_ACTIVE_COMPILATION_CONDITIONS = DEBUG;
				SWIFT_OPTIMIZATION_LEVEL = "-Onone";
				SWIFT_VERSION = 5.0;
			};
			name = Debug;
		};
		C2A47C267A6F064CE91DF687 /* Release */ = {
			isa = XCBuildConfiguration;
			buildSettings = {
				ALWAYS_SEARCH_USER_PATHS = NO;
				CLANG_ANALYZER_NONNULL = YES;
				CLANG_ANALYZER_NUMBER_OBJECT_CONVERSION = YES_AGGRESSIVE;
				CLANG_CXX_LANGUAGE_STANDARD = "gnu++14";
				CLANG_CXX_LIBRARY = "libc++";
				CLANG_ENABLE_MODULES = YES;
				CLANG_ENABLE_OBJC_ARC = YES;
				CLANG_ENABLE_OBJC_WEAK = YES;
				CLANG_WARN_BLOCK_CAPTURE_AUTORELEASING = YES;
				CLANG_WARN_BOOL_CONVERSION = YES;
				CLANG_WARN_COMMA = YES;
				CLANG_WARN_CONSTANT_CONVERSION = YES;
				CLANG_WARN_DEPRECATED_OBJC_IMPLEMENTATIONS = YES;
				CLANG_WARN_DIRECT_OBJC_ISA_USAGE = YES_ERROR;
				CLANG_WARN_DOCUMENTATION_COMMENTS = YES;
				CLANG_WARN_EMPTY_BODY = YES;
				CLANG_WARN_ENUM_CONVERSION = YES;
				CLANG_WARN_INFINITE_RECURSION = YES;
				CLANG_WARN_INT_CONVERSION = YES;
				CLANG_WARN_NON_LITERAL_NULL_CONVERSION = YES;
				CLANG_WARN_OBJC_IMPLICIT_RETAIN_SELF = YES;
				CLANG_WARN_OBJC_LITERAL_CONVERSION = YES;
				CLANG_WARN_OBJC_ROOT_CLASS = YES_ERROR;
				CLANG_WARN_QUOTED_INCLUDE_IN_FRAMEWORK_HEADER = YES;
				CLANG_WARN_RANGE_LOOP_ANALYSIS = YES;
				CLANG_WARN_STRICT_PROTOTYPES = YES;
				CLANG_WARN_SUSPICIOUS_MOVE = YES;
				CLANG_WARN_UNGUARDED_AVAILABILITY = YES_AGGRESSIVE;
				CLANG_WARN_UNREACHABLE_CODE = YES;
				CLANG_WARN__DUPLICATE_METHOD_MATCH = YES;
				COPY_PHASE_STRIP = NO;
				DEBUG_INFORMATION_FORMAT = "dwarf-with-dsym";
				ENABLE_NS_ASSERTIONS = NO;
				ENABLE_STRICT_OBJC_MSGSEND = YES;
				GCC_C_LANGUAGE_STANDARD = gnu11;
				GCC_NO_COMMON_BLOCKS = YES;
				GCC_WARN_64_TO_32_BIT_CONVERSION = YES;
				GCC_WARN_ABOUT_RETURN_TYPE = YES_ERROR;
				GCC_WARN_UNDECLARED_SELECTOR = YES;
				GCC_WARN_UNINITIALIZED_AUTOS = YES_AGGRESSIVE;
				GCC_WARN_UNUSED_FUNCTION = YES;
				GCC_WARN_UNUSED_VARIABLE = YES;
				IPHONEOS_DEPLOYMENT_TARGET = 26.0;
				MTL_ENABLE_DEBUG_INFO = NO;
				MTL_FAST_MATH = YES;
				PRODUCT_NAME = "$(TARGET_NAME)";
				SDKROOT = iphoneos;
				SWIFT_COMPILATION_MODE = wholemodule;
				SWIFT_OPTIMIZATION_LEVEL = "-O";
				SWIFT_VERSION = 5.0;
			};
			name = Release;
		};
/* End XCBuildConfiguration section */

/* Begin XCConfigurationList section */
		3D997CD369BEE75007A2F0BC /* Build configuration list for PBXNativeTarget "TranscribeDemo" */ = {
			isa = XCConfigurationList;
			buildConfigurations = (
				9B96F1A23095E048CD2A961A /* Debug */,
				1A536D16F72D9EFCF282637B /* Release */,
			);
			defaultConfigurationIsVisible = 0;
			defaultConfigurationName = Debug;
		};
		F740BC17C31569D0B8DD6516 /* Build configuration list for PBXProject "TranscribeDemo" */ = {
			isa = XCConfigurationList;
			buildConfigurations = (
				BB48F664D1970ABF67E14755 /* Debug */,
				C2A47C267A6F064CE91DF687 /* Release */,
			);
			defaultConfigurationIsVisible = 0;
			defaultConfigurationName = Debug;
		};
/* End XCConfigurationList section */

/* Begin XCLocalSwiftPackageReference section */
		85324C58F645C81CCE29A947 /* XCLocalSwiftPackageReference "../.." */ = {
			isa = XCLocalSwiftPackageReference;
			relativePath = ../..;
		};
/* End XCLocalSwiftPackageReference section */

/* Begin XCSwiftPackageProductDependency section */
		043A7AA45C2390C0CD0E8EE7 /* MultiModalKitMLX */ = {
			isa = XCSwiftPackageProductDependency;
			productName = MultiModalKitMLX;
		};
		0A2CF38D0EAC11F37DB3D116 /* MultiModalKitTesting */ = {
			isa = XCSwiftPackageProductDependency;
			productName = MultiModalKitTesting;
		};
		91D46599C4B27B19A9112CC8 /* MultiModalKitWhisper */ = {
			isa = XCSwiftPackageProductDependency;
			productName = MultiModalKitWhisper;
		};
		AC3E96CBCF532F30A024E805 /* MultiModalKit */ = {
			isa = XCSwiftPackageProductDependency;
			productName = MultiModalKit;
		};
		B1C9D83CF52F623CBEC145B8 /* MultiModalKitTTS */ = {
			isa = XCSwiftPackageProductDependency;
			productName = MultiModalKitTTS;
		};
		B73F37DC7231E5744F928FE4 /* MultiModalKitBench */ = {
			isa = XCSwiftPackageProductDependency;
			productName = MultiModalKitBench;
		};
/* End XCSwiftPackageProductDependency section */
	};
	rootObject = 0D00DD9561A423DBE5AC2B48 /* Project object */;
}
