// !$*UTF8*$!
{
	archiveVersion = 1;
	classes = {
	};
	objectVersion = 77;
	objects = {

/* Begin PBXBuildFile section */
		6A32BCA291E92E83F406D3C1 /* KokoroSpikeApp.swift in Sources */ = {isa = PBXBuildFile; fileRef = 231AF2E70F0E6F33032DDA52 /* KokoroSpikeApp.swift */; };
		80EA6908AC2BAF4A93F53008 /* SpikeAssets.swift in Sources */ = {isa = PBXBuildFile; fileRef = 89076075F042B66586162EBF /* SpikeAssets.swift */; };
		8F382277630D172B620D27A6 /* QwenEngine.swift in Sources */ = {isa = PBXBuildFile; fileRef = D240ACABC4C4354B586CF2EB /* QwenEngine.swift */; };
		9593136EB6FAB8BB25B67E97 /* KokoroSwift in Embed Frameworks */ = {isa = PBXBuildFile; productRef = 814063FF00F3AD1CE82BAA12 /* KokoroSwift */; settings = {ATTRIBUTES = (CodeSignOnCopy, RemoveHeadersOnCopy, ); }; };
		96EE93BA0C1AAB3FC190A5BC /* SpikeModel.swift in Sources */ = {isa = PBXBuildFile; fileRef = DBCAB91623B29E01A88105FB /* SpikeModel.swift */; };
		9CB87C89FFF52452996711D3 /* KokoroEngine.swift in Sources */ = {isa = PBXBuildFile; fileRef = 6DF491FA987CBD50A1F36976 /* KokoroEngine.swift */; };
		BFCBE27C6876D54B641B5BE8 /* KokoroSwift in Frameworks */ = {isa = PBXBuildFile; productRef = 814063FF00F3AD1CE82BAA12 /* KokoroSwift */; };
		D80498154E23AED962E162CD /* TTSKit in Frameworks */ = {isa = PBXBuildFile; productRef = D3B65CD33399A3B1AADF52AA /* TTSKit */; };
		E194A1AA620FABFE527CA33A /* ContentView.swift in Sources */ = {isa = PBXBuildFile; fileRef = 7C6677502C7307C3907A5697 /* ContentView.swift */; };
		EA7FD8D290EC0BC1234FB842 /* SpikeMouth.swift in Sources */ = {isa = PBXBuildFile; fileRef = C93441FBCD1883A1BB007B03 /* SpikeMouth.swift */; };
/* End PBXBuildFile section */

/* Begin PBXCopyFilesBuildPhase section */
		451BD93EF399B80E72DAA232 /* Embed Frameworks */ = {
			isa = PBXCopyFilesBuildPhase;
			buildActionMask = 2147483647;
			dstPath = "";
			dstSubfolderSpec = 10;
			files = (
				9593136EB6FAB8BB25B67E97 /* KokoroSwift in Embed Frameworks */,
			);
			name = "Embed Frameworks";
			runOnlyForDeploymentPostprocessing = 0;
		};
/* End PBXCopyFilesBuildPhase section */

/* Begin PBXFileReference section */
		231AF2E70F0E6F33032DDA52 /* KokoroSpikeApp.swift */ = {isa = PBXFileReference; lastKnownFileType = sourcecode.swift; path = KokoroSpikeApp.swift; sourceTree = "<group>"; };
		6DF491FA987CBD50A1F36976 /* KokoroEngine.swift */ = {isa = PBXFileReference; lastKnownFileType = sourcecode.swift; path = KokoroEngine.swift; sourceTree = "<group>"; };
		7C6677502C7307C3907A5697 /* ContentView.swift */ = {isa = PBXFileReference; lastKnownFileType = sourcecode.swift; path = ContentView.swift; sourceTree = "<group>"; };
		89076075F042B66586162EBF /* SpikeAssets.swift */ = {isa = PBXFileReference; lastKnownFileType = sourcecode.swift; path = SpikeAssets.swift; sourceTree = "<group>"; };
		8D5F0DD6D06AB53461809F9A /* KokoroSpike.app */ = {isa = PBXFileReference; includeInIndex = 0; lastKnownFileType = wrapper.application; path = KokoroSpike.app; sourceTree = BUILT_PRODUCTS_DIR; };
		C93441FBCD1883A1BB007B03 /* SpikeMouth.swift */ = {isa = PBXFileReference; lastKnownFileType = sourcecode.swift; path = SpikeMouth.swift; sourceTree = "<group>"; };
		D240ACABC4C4354B586CF2EB /* QwenEngine.swift */ = {isa = PBXFileReference; lastKnownFileType = sourcecode.swift; path = QwenEngine.swift; sourceTree = "<group>"; };
		DBCAB91623B29E01A88105FB /* SpikeModel.swift */ = {isa = PBXFileReference; lastKnownFileType = sourcecode.swift; path = SpikeModel.swift; sourceTree = "<group>"; };
/* End PBXFileReference section */

/* Begin PBXFrameworksBuildPhase section */
		CCE1151CA588471FD6CB48BB /* Frameworks */ = {
			isa = PBXFrameworksBuildPhase;
			buildActionMask = 2147483647;
			files = (
				BFCBE27C6876D54B641B5BE8 /* KokoroSwift in Frameworks */,
				D80498154E23AED962E162CD /* TTSKit in Frameworks */,
			);
			runOnlyForDeploymentPostprocessing = 0;
		};
/* End PBXFrameworksBuildPhase section */

/* Begin PBXGroup section */
		9D093EE7E8D09F552DF8C221 /* Products */ = {
			isa = PBXGroup;
			children = (
				8D5F0DD6D06AB53461809F9A /* KokoroSpike.app */,
			);
			name = Products;
			sourceTree = "<group>";
		};
		C7C1D95AC7D1D89F6D4728EB /* Sources */ = {
			isa = PBXGroup;
			children = (
				7C6677502C7307C3907A5697 /* ContentView.swift */,
				6DF491FA987CBD50A1F36976 /* KokoroEngine.swift */,
				231AF2E70F0E6F33032DDA52 /* KokoroSpikeApp.swift */,
				D240ACABC4C4354B586CF2EB /* QwenEngine.swift */,
				89076075F042B66586162EBF /* SpikeAssets.swift */,
				DBCAB91623B29E01A88105FB /* SpikeModel.swift */,
				C93441FBCD1883A1BB007B03 /* SpikeMouth.swift */,
			);
			path = Sources;
			sourceTree = "<group>";
		};
		F992DD1E267703C818289C9B = {
			isa = PBXGroup;
			children = (
				C7C1D95AC7D1D89F6D4728EB /* Sources */,
				9D093EE7E8D09F552DF8C221 /* Products */,
			);
			sourceTree = "<group>";
		};
/* End PBXGroup section */

/* Begin PBXNativeTarget section */
		1BCA941EBF140E5DC4E14041 /* KokoroSpike */ = {
			isa = PBXNativeTarget;
			buildConfigurationList = A5BD15A73013CCF9D6244225 /* Build configuration list for PBXNativeTarget "KokoroSpike" */;
			buildPhases = (
				C14472AAAA54193AB7568851 /* Sources */,
				AE1FEE005F3621DCDA164349 /* SwiftLint */,
				CCE1151CA588471FD6CB48BB /* Frameworks */,
				451BD93EF399B80E72DAA232 /* Embed Frameworks */,
			);
			buildRules = (
			);
			dependencies = (
			);
			name = KokoroSpike;
			packageProductDependencies = (
				814063FF00F3AD1CE82BAA12 /* KokoroSwift */,
				D3B65CD33399A3B1AADF52AA /* TTSKit */,
			);
			productName = KokoroSpike;
			productReference = 8D5F0DD6D06AB53461809F9A /* KokoroSpike.app */;
			productType = "com.apple.product-type.application";
		};
/* End PBXNativeTarget section */

/* Begin PBXProject section */
		15AE1DC95FC9B89173DD372F /* Project object */ = {
			isa = PBXProject;
			attributes = {
				BuildIndependentTargetsInParallel = YES;
				LastUpgradeCheck = 1430;
				TargetAttributes = {
					1BCA941EBF140E5DC4E14041 = {
						ProvisioningStyle = Automatic;
					};
				};
			};
			buildConfigurationList = E8D889A68DCF2A9428CAA292 /* Build configuration list for PBXProject "KokoroSpike" */;
			developmentRegion = en;
			hasScannedForEncodings = 0;
			knownRegions = (
				Base,
				en,
			);
			mainGroup = F992DD1E267703C818289C9B;
			minimizedProjectReferenceProxies = 1;
			packageReferences = (
				EFA2622F72F5C0E8EE3CF35A /* XCRemoteSwiftPackageReference "kokoro-ios" */,
				578623BC8735226644DCEAF8 /* XCRemoteSwiftPackageReference "argmax-oss-swift" */,
			);
			preferredProjectObjectVersion = 77;
			productRefGroup = 9D093EE7E8D09F552DF8C221 /* Products */;
			projectDirPath = "";
			projectRoot = "";
			targets = (
				1BCA941EBF140E5DC4E14041 /* KokoroSpike */,
			);
		};
/* End PBXProject section */

/* Begin PBXShellScriptBuildPhase section */
		AE1FEE005F3621DCDA164349 /* SwiftLint */ = {
			isa = PBXShellScriptBuildPhase;
			alwaysOutOfDate = 1;
			buildActionMask = 2147483647;
			files = (
			);
			inputFileListPaths = (
			);
			inputPaths = (
			);
			name = SwiftLint;
			outputFileListPaths = (
			);
			outputPaths = (
			);
			runOnlyForDeploymentPostprocessing = 0;
			shellPath = /bin/sh;
			shellScript = "if command -v swiftlint >/dev/null 2>&1; then\n  cd \"$SRCROOT/../..\" && swiftlint lint --quiet\nelse\n  echo \"warning: swiftlint not installed — brew install swiftlint\"\nfi\n";
		};
/* End PBXShellScriptBuildPhase section */

/* Begin PBXSourcesBuildPhase section */
		C14472AAAA54193AB7568851 /* Sources */ = {
			isa = PBXSourcesBuildPhase;
			buildActionMask = 2147483647;
			files = (
				E194A1AA620FABFE527CA33A /* ContentView.swift in Sources */,
				9CB87C89FFF52452996711D3 /* KokoroEngine.swift in Sources */,
				6A32BCA291E92E83F406D3C1 /* KokoroSpikeApp.swift in Sources */,
				8F382277630D172B620D27A6 /* QwenEngine.swift in Sources */,
				80EA6908AC2BAF4A93F53008 /* SpikeAssets.swift in Sources */,
				96EE93BA0C1AAB3FC190A5BC /* SpikeModel.swift in Sources */,
				EA7FD8D290EC0BC1234FB842 /* SpikeMouth.swift in Sources */,
			);
			runOnlyForDeploymentPostprocessing = 0;
		};
/* End PBXSourcesBuildPhase section */

/* Begin XCBuildConfiguration section */
		4E099384B134DAD3AF5F5B8B /* Debug */ = {
			isa = XCBuildConfiguration;
			buildSettings = {
				ASSETCATALOG_COMPILER_APPICON_NAME = AppIcon;
				CODE_SIGN_IDENTITY = "iPhone Developer";
				CODE_SIGN_STYLE = Automatic;
				GENERATE_INFOPLIST_FILE = YES;
				INFOPLIST_KEY_UILaunchScreen_Generation = YES;
				INFOPLIST_KEY_UISupportedInterfaceOrientations_iPhone = UIInterfaceOrientationPortrait;
				LD_RUNPATH_SEARCH_PATHS = (
					"$(inherited)",
					"@executable_path/Frameworks",
				);
				PRODUCT_BUNDLE_IDENTIFIER = dev.nooron.KokoroSpike;
				SDKROOT = iphoneos;
				SWIFT_STRICT_CONCURRENCY = complete;
				SWIFT_VERSION = 6.0;
				TARGETED_DEVICE_FAMILY = 1;
			};
			name = Debug;
		};
		84F286CBFDD6E5E441F27823 /* Debug */ = {
			isa = XCBuildConfiguration;
			buildSettings = {
				ALWAYS_SEARCH_USER_PATHS = NO;
				CLANG_ANALYZER_NONNULL = YES;
				CLANG_ANALYZER_NUMBER_OBJECT_CONVERSION = YES_AGGRESSIVE;
				CLANG_CXX_LANGUAGE_STANDARD = "gnu++14";
				CLANG_CXX_LIBRARY = "libc++";
				CLANG_ENABLE_MODULES = YES;
				CLANG_ENABLE_OBJC_ARC = YES;
				CLANG_ENABLE_OBJC_WEAK = YES;
				CLANG_WARN_BLOCK_CAPTURE_AUTORELEASING = YES;
				CLANG_WARN_BOOL_CONVERSION = YES;
				CLANG_WARN_COMMA = YES;
				CLANG_WARN_CONSTANT_CONVERSION = YES;
				CLANG_WARN_DEPRECATED_OBJC_IMPLEMENTATIONS = YES;
				CLANG_WARN_DIRECT_OBJC_ISA_USAGE = YES_ERROR;
				CLANG_WARN_DOCUMENTATION_COMMENTS = YES;
				CLANG_WARN_EMPTY_BODY = YES;
				CLANG_WARN_ENUM_CONVERSION = YES;
				CLANG_WARN_INFINITE_RECURSION = YES;
				CLANG_WARN_INT_CONVERSION = YES;
				CLANG_WARN_NON_LITERAL_NULL_CONVERSION = YES;
				CLANG_WARN_OBJC_IMPLICIT_RETAIN_SELF = YES;
				CLANG_WARN_OBJC_LITERAL_CONVERSION = YES;
				CLANG_WARN_OBJC_ROOT_CLASS = YES_ERROR;
				CLANG_WARN_QUOTED_INCLUDE_IN_FRAMEWORK_HEADER = YES;
				CLANG_WARN_RANGE_LOOP_ANALYSIS = YES;
				CLANG_WARN_STRICT_PROTOTYPES = YES;
				CLANG_WARN_SUSPICIOUS_MOVE = YES;
				CLANG_WARN_UNGUARDED_AVAILABILITY = YES_AGGRESSIVE;
				CLANG_WARN_UNREACHABLE_CODE = YES;
				CLANG_WARN__DUPLICATE_METHOD_MATCH = YES;
				COPY_PHASE_STRIP = NO;
				DEBUG_INFORMATION_FORMAT = dwarf;
				ENABLE_STRICT_OBJC_MSGSEND = YES;
				ENABLE_TESTABILITY = YES;
				GCC_C_LANGUAGE_STANDARD = gnu11;
				GCC_DYNAMIC_NO_PIC = NO;
				GCC_NO_COMMON_BLOCKS = YES;
				GCC_OPTIMIZATION_LEVEL = 0;
				GCC_PREPROCESSOR_DEFINITIONS = (
					"$(inherited)",
					"DEBUG=1",
				);
				GCC_WARN_64_TO_32_BIT_CONVERSION = YES;
				GCC_WARN_ABOUT_RETURN_TYPE = YES_ERROR;
				GCC_WARN_UNDECLARED_SELECTOR = YES;
				GCC_WARN_UNINITIALIZED_AUTOS = YES_AGGRESSIVE;
				GCC_WARN_UNUSED_FUNCTION = YES;
				GCC_WARN_UNUSED_VARIABLE = YES;
				IPHONEOS_DEPLOYMENT_TARGET = 18.0;
				MTL_ENABLE_DEBUG_INFO = INCLUDE_SOURCE;
				MTL_FAST_MATH = YES;
				ONLY_ACTIVE_ARCH = YES;
				PRODUCT_NAME = "$(TARGET_NAME)";
				SDKROOT = iphoneos;
				SWIFT_ACTIVE_COMPILATION_CONDITIONS = DEBUG;
				SWIFT_OPTIMIZATION_LEVEL = "-Onone";
				SWIFT_VERSION = 5.0;
			};
			name = Debug;
		};
		A06A7717B4BE3B25424C286C /* Release */ = {
			isa = XCBuildConfiguration;
			buildSettings = {
				ALWAYS_SEARCH_USER_PATHS = NO;
				CLANG_ANALYZER_NONNULL = YES;
				CLANG_ANALYZER_NUMBER_OBJECT_CONVERSION = YES_AGGRESSIVE;
				CLANG_CXX_LANGUAGE_STANDARD = "gnu++14";
				CLANG_CXX_LIBRARY = "libc++";
				CLANG_ENABLE_MODULES = YES;
				CLANG_ENABLE_OBJC_ARC = YES;
				CLANG_ENABLE_OBJC_WEAK = YES;
				CLANG_WARN_BLOCK_CAPTURE_AUTORELEASING = YES;
				CLANG_WARN_BOOL_CONVERSION = YES;
				CLANG_WARN_COMMA = YES;
				CLANG_WARN_CONSTANT_CONVERSION = YES;
				CLANG_WARN_DEPRECATED_OBJC_IMPLEMENTATIONS = YES;
				CLANG_WARN_DIRECT_OBJC_ISA_USAGE = YES_ERROR;
				CLANG_WARN_DOCUMENTATION_COMMENTS = YES;
				CLANG_WARN_EMPTY_BODY = YES;
				CLANG_WARN_ENUM_CONVERSION = YES;
				CLANG_WARN_INFINITE_RECURSION = YES;
				CLANG_WARN_INT_CONVERSION = YES;
				CLANG_WARN_NON_LITERAL_NULL_CONVERSION = YES;
				CLANG_WARN_OBJC_IMPLICIT_RETAIN_SELF = YES;
				CLANG_WARN_OBJC_LITERAL_CONVERSION = YES;
				CLANG_WARN_OBJC_ROOT_CLASS = YES_ERROR;
				CLANG_WARN_QUOTED_INCLUDE_IN_FRAMEWORK_HEADER = YES;
				CLANG_WARN_RANGE_LOOP_ANALYSIS = YES;
				CLANG_WARN_STRICT_PROTOTYPES = YES;
				CLANG_WARN_SUSPICIOUS_MOVE = YES;
				CLANG_WARN_UNGUARDED_AVAILABILITY = YES_AGGRESSIVE;
				CLANG_WARN_UNREACHABLE_CODE = YES;
				CLANG_WARN__DUPLICATE_METHOD_MATCH = YES;
				COPY_PHASE_STRIP = NO;
				DEBUG_INFORMATION_FORMAT = "dwarf-with-dsym";
				ENABLE_NS_ASSERTIONS = NO;
				ENABLE_STRICT_OBJC_MSGSEND = YES;
				GCC_C_LANGUAGE_STANDARD = gnu11;
				GCC_NO_COMMON_BLOCKS = YES;
				GCC_WARN_64_TO_32_BIT_CONVERSION = YES;
				GCC_WARN_ABOUT_RETURN_TYPE = YES_ERROR;
				GCC_WARN_UNDECLARED_SELECTOR = YES;
				GCC_WARN_UNINITIALIZED_AUTOS = YES_AGGRESSIVE;
				GCC_WARN_UNUSED_FUNCTION = YES;
				GCC_WARN_UNUSED_VARIABLE = YES;
				IPHONEOS_DEPLOYMENT_TARGET = 18.0;
				MTL_ENABLE_DEBUG_INFO = NO;
				MTL_FAST_MATH = YES;
				PRODUCT_NAME = "$(TARGET_NAME)";
				SDKROOT = iphoneos;
				SWIFT_COMPILATION_MODE = wholemodule;
				SWIFT_OPTIMIZATION_LEVEL = "-O";
				SWIFT_VERSION = 5.0;
			};
			name = Release;
		};
		D7FF6D8438C001FD7646AFF5 /* Release */ = {
			isa = XCBuildConfiguration;
			buildSettings = {
				ASSETCATALOG_COMPILER_APPICON_NAME = AppIcon;
				CODE_SIGN_IDENTITY = "iPhone Developer";
				CODE_SIGN_STYLE = Automatic;
				GENERATE_INFOPLIST_FILE = YES;
				INFOPLIST_KEY_UILaunchScreen_Generation = YES;
				INFOPLIST_KEY_UISupportedInterfaceOrientations_iPhone = UIInterfaceOrientationPortrait;
				LD_RUNPATH_SEARCH_PATHS = (
					"$(inherited)",
					"@executable_path/Frameworks",
				);
				PRODUCT_BUNDLE_IDENTIFIER = dev.nooron.KokoroSpike;
				SDKROOT = iphoneos;
				SWIFT_STRICT_CONCURRENCY = complete;
				SWIFT_VERSION = 6.0;
				TARGETED_DEVICE_FAMILY = 1;
			};
			name = Release;
		};
/* End XCBuildConfiguration section */

/* Begin XCConfigurationList section */
		A5BD15A73013CCF9D6244225 /* Build configuration list for PBXNativeTarget "KokoroSpike" */ = {
			isa = XCConfigurationList;
			buildConfigurations = (
				4E099384B134DAD3AF5F5B8B /* Debug */,
				D7FF6D8438C001FD7646AFF5 /* Release */,
			);
			defaultConfigurationIsVisible = 0;
			defaultConfigurationName = Debug;
		};
		E8D889A68DCF2A9428CAA292 /* Build configuration list for PBXProject "KokoroSpike" */ = {
			isa = XCConfigurationList;
			buildConfigurations = (
				84F286CBFDD6E5E441F27823 /* Debug */,
				A06A7717B4BE3B25424C286C /* Release */,
			);
			defaultConfigurationIsVisible = 0;
			defaultConfigurationName = Debug;
		};
/* End XCConfigurationList section */

/* Begin XCRemoteSwiftPackageReference section */
		578623BC8735226644DCEAF8 /* XCRemoteSwiftPackageReference "argmax-oss-swift" */ = {
			isa = XCRemoteSwiftPackageReference;
			repositoryURL = "https://github.com/argmaxinc/argmax-oss-swift";
			requirement = {
				kind = upToNextMajorVersion;
				minimumVersion = 1.1.0;
			};
		};
		EFA2622F72F5C0E8EE3CF35A /* XCRemoteSwiftPackageReference "kokoro-ios" */ = {
			isa = XCRemoteSwiftPackageReference;
			repositoryURL = "https://github.com/mlalma/kokoro-ios";
			requirement = {
				kind = upToNextMajorVersion;
				minimumVersion = 1.0.11;
			};
		};
/* End XCRemoteSwiftPackageReference section */

/* Begin XCSwiftPackageProductDependency section */
		814063FF00F3AD1CE82BAA12 /* KokoroSwift */ = {
			isa = XCSwiftPackageProductDependency;
			package = EFA2622F72F5C0E8EE3CF35A /* XCRemoteSwiftPackageReference "kokoro-ios" */;
			productName = KokoroSwift;
		};
		D3B65CD33399A3B1AADF52AA /* TTSKit */ = {
			isa = XCSwiftPackageProductDependency;
			package = 578623BC8735226644DCEAF8 /* XCRemoteSwiftPackageReference "argmax-oss-swift" */;
			productName = TTSKit;
		};
/* End XCSwiftPackageProductDependency section */
	};
	rootObject = 15AE1DC95FC9B89173DD372F /* Project object */;
}
